{
  "name": "jsonrpc-tcp-client",
  "version": "1.6.0",
  "lockfileVersion": 1,
  "requires": true,
  "dependencies": {
    "@types/node": {
      "version": "6.0.102",
      "resolved": "http://registry.npm.taobao.org/@types/node/download/@types/node-6.0.102.tgz",
      "integrity": "sha1-ps87mEMoa2PrNiqFIrw4LZb+aNE=",
      "dev": true
    },
    "CBuffer": {
      "version": "1.1.1",
      "resolved": "https://registry.npm.taobao.org/CBuffer/download/CBuffer-1.1.1.tgz",
      "integrity": "sha1-d6bu/2/cBiqFmU0tjRQEVzz+bQw="
    },
    "jsonparse": {
      "version": "1.3.1",
      "resolved": "https://registry.npmjs.org/jsonparse/-/jsonparse-1.3.1.tgz",
      "integrity": "sha1-P02uSpH6wxX3EGL4UhzCOfE2YoA="
    },
    "tape": {
      "version": "4.5.1",
      "resolved": "https://registry.npm.taobao.org/tape/download/tape-4.5.1.tgz",
      "integrity": "sha1-K7PqGb3J9SJSF7P5fL95hsxMbow=",
      "dev": true,
      "requires": {
        "deep-equal": "1.0.1",
        "defined": "1.0.0",
        "function-bind": "1.1.0",
        "glob": "7.0.3",
        "has": "1.0.1",
        "inherits": "2.0.1",
        "minimist": "1.2.0",
        "object-inspect": "1.1.0",
        "resolve": "1.1.7",
        "resumer": "0.0.0",
        "string.prototype.trim": "1.1.2",
        "through": "2.3.8"
      },
      "dependencies": {
        "deep-equal": {
          "version": "1.0.1",
          "resolved": "https://registry.npm.taobao.org/deep-equal/download/deep-equal-1.0.1.tgz",
          "integrity": "sha1-9dJgKStmDghO/0zbyfCK0yR0SLU=",
          "dev": true
        },
        "defined": {
          "version": "1.0.0",
          "resolved": "https://registry.npm.taobao.org/defined/download/defined-1.0.0.tgz",
          "integrity": "sha1-yY2bzvdWdBiOEQlpFRGZ45sfppM=",
          "dev": true
        },
        "function-bind": {
          "version": "1.1.0",
          "resolved": "https://registry.npm.taobao.org/function-bind/download/function-bind-1.1.0.tgz",
          "integrity": "sha1-FhdnFMgBeY5Ojyz391KUZ7tKV3E=",
          "dev": true
        },
        "glob": {
          "version": "7.0.3",
          "resolved": "https://registry.npm.taobao.org/glob/download/glob-7.0.3.tgz",
          "integrity": "sha1-CqI1kxpKlqwT1g/6wvuHe9btT1g=",
          "dev": true,
          "requires": {
            "inflight": "1.0.4",
            "inherits": "2.0.1",
            "minimatch": "3.0.0",
            "once": "1.3.3",
            "path-is-absolute": "1.0.0"
          },
          "dependencies": {
            "inflight": {
              "version": "1.0.4",
              "resolved": "https://registry.npmjs.org/inflight/-/inflight-1.0.4.tgz",
              "integrity": "sha1-bLtFIevVHODsCpNr/XZX736bFyo=",
              "dev": true,
              "requires": {
                "once": "1.3.3",
                "wrappy": "1.0.1"
              },
              "dependencies": {
                "wrappy": {
                  "version": "1.0.1",
                  "resolved": "https://registry.npmjs.org/wrappy/-/wrappy-1.0.1.tgz",
                  "integrity": "sha1-HmWWmWXMvC20VIxrhKbyxa7dRzk=",
                  "dev": true
                }
              }
            },
            "minimatch": {
              "version": "3.0.0",
              "resolved": "https://registry.npm.taobao.org/minimatch/download/minimatch-3.0.0.tgz",
              "integrity": "sha1-UjYVelHk8ATBd/s8Un/33Xjw74M=",
              "dev": true,
              "requires": {
                "brace-expansion": "1.1.3"
              },
              "dependencies": {
                "brace-expansion": {
                  "version": "1.1.3",
                  "resolved": "https://registry.npm.taobao.org/brace-expansion/download/brace-expansion-1.1.3.tgz",
                  "integrity": "sha1-Rr/1ARXUf8mriYVKu4fZgHihCZE=",
                  "dev": true,
                  "requires": {
                    "balanced-match": "0.3.0",
                    "concat-map": "0.0.1"
                  },
                  "dependencies": {
                    "balanced-match": {
                      "version": "0.3.0",
                      "resolved": "https://registry.npm.taobao.org/balanced-match/download/balanced-match-0.3.0.tgz",
                      "integrity": "sha1-qRzdHr7xqGZZ5w/03vAWJfwtZ1Y=",
                      "dev": true
                    },
                    "concat-map": {
                      "version": "0.0.1",
                      "resolved": "http://registry.cnpmjs.org/concat-map/download/concat-map-0.0.1.tgz",
                      "integrity": "sha1-2Klr13/Wjfd5OnMDajug1UBdR3s=",
                      "dev": true
                    }
                  }
                }
              }
            },
            "once": {
              "version": "1.3.3",
              "resolved": "https://registry.npm.taobao.org/once/download/once-1.3.3.tgz",
              "integrity": "sha1-suJhVXzkwxTsgwTz+oJmPkKXyiA=",
              "dev": true,
              "requires": {
                "wrappy": "1.0.1"
              },
              "dependencies": {
                "wrappy": {
                  "version": "1.0.1",
                  "resolved": "https://registry.npmjs.org/wrappy/-/wrappy-1.0.1.tgz",
                  "integrity": "sha1-HmWWmWXMvC20VIxrhKbyxa7dRzk=",
                  "dev": true
                }
              }
            },
            "path-is-absolute": {
              "version": "1.0.0",
              "resolved": "http://registry.npm.taobao.org/path-is-absolute/download/path-is-absolute-1.0.0.tgz",
              "integrity": "sha1-Jj2tpmqz8vsQv3+dJN2PPlcO+RI=",
              "dev": true
            }
          }
        },
        "has": {
          "version": "1.0.1",
          "resolved": "https://registry.npm.taobao.org/has/download/has-1.0.1.tgz",
          "integrity": "sha1-hGFzP1OLCDfJNh45qauelwTcLyg=",
          "dev": true,
          "requires": {
            "function-bind": "1.1.0"
          }
        },
        "inherits": {
          "version": "2.0.1",
          "resolved": "https://registry.npmjs.org/inherits/-/inherits-2.0.1.tgz",
          "integrity": "sha1-sX0I0ya0Qj5Wjv9xn5GwscvfafE=",
          "dev": true
        },
        "minimist": {
          "version": "1.2.0",
          "resolved": "https://registry.npm.taobao.org/minimist/download/minimist-1.2.0.tgz",
          "integrity": "sha1-o1AIsg9BOD7sH7kU9M1d95omQoQ=",
          "dev": true
        },
        "object-inspect": {
          "version": "1.1.0",
          "resolved": "https://registry.npm.taobao.org/object-inspect/download/object-inspect-1.1.0.tgz",
          "integrity": "sha1-NLymRKgPlPi6QaD50JhOr2Os8U0=",
          "dev": true
        },
        "resolve": {
          "version": "1.1.7",
          "resolved": "https://registry.npm.taobao.org/resolve/download/resolve-1.1.7.tgz",
          "integrity": "sha1-IDEU2CrSxe2ejgQRs5ModeiJ6Xs=",
          "dev": true
        },
        "resumer": {
          "version": "0.0.0",
          "resolved": "https://registry.npmjs.org/resumer/-/resumer-0.0.0.tgz",
          "integrity": "sha1-8ej0YeQGS6Oegq883CqMiT0HZ1k=",
          "dev": true,
          "requires": {
            "through": "2.3.8"
          }
        },
        "string.prototype.trim": {
          "version": "1.1.2",
          "resolved": "https://registry.npm.taobao.org/string.prototype.trim/download/string.prototype.trim-1.1.2.tgz",
          "integrity": "sha1-0E3iyJ4Tf019IG8Ia17S+ua+jOo=",
          "dev": true,
          "requires": {
            "define-properties": "1.1.2",
            "es-abstract": "1.5.0",
            "function-bind": "1.1.0"
          },
          "dependencies": {
            "define-properties": {
              "version": "1.1.2",
              "resolved": "https://registry.npm.taobao.org/define-properties/download/define-properties-1.1.2.tgz",
              "integrity": "sha1-g6c/L+pWmJj7c3GTyPhzyvbUXJQ=",
              "dev": true,
              "requires": {
                "foreach": "2.0.5",
                "object-keys": "1.0.9"
              },
              "dependencies": {
                "foreach": {
                  "version": "2.0.5",
                  "resolved": "https://registry.npmjs.org/foreach/-/foreach-2.0.5.tgz",
                  "integrity": "sha1-C+4AUBiusmDQo6865ljdATbsG5k=",
                  "dev": true
                },
                "object-keys": {
                  "version": "1.0.9",
                  "resolved": "http://registry.cnpmjs.org/object-keys/download/object-keys-1.0.9.tgz",
                  "integrity": "sha1-yrsSAtmnrym1Dt+s6AlLtG2l6iE=",
                  "dev": true
                }
              }
            },
            "es-abstract": {
              "version": "1.5.0",
              "resolved": "https://registry.npm.taobao.org/es-abstract/download/es-abstract-1.5.0.tgz",
              "integrity": "sha1-fDKeMVSJABjeg1KxuYBnPk+486o=",
              "dev": true,
              "requires": {
                "es-to-primitive": "1.1.1",
                "function-bind": "1.1.0",
                "is-callable": "1.1.3",
                "is-regex": "1.0.3"
              },
              "dependencies": {
                "es-to-primitive": {
                  "version": "1.1.1",
                  "resolved": "https://registry.npm.taobao.org/es-to-primitive/download/es-to-primitive-1.1.1.tgz",
                  "integrity": "sha1-RTVSSKiJeQNLZ5Lhm7gfK3l13Q0=",
                  "dev": true,
                  "requires": {
                    "is-callable": "1.1.3",
                    "is-date-object": "1.0.1",
                    "is-symbol": "1.0.1"
                  },
                  "dependencies": {
                    "is-date-object": {
                      "version": "1.0.1",
                      "resolved": "https://registry.npm.taobao.org/is-date-object/download/is-date-object-1.0.1.tgz",
                      "integrity": "sha1-mqIOtq7rv/d/vTPnTKAbM1gdOhY=",
                      "dev": true
                    },
                    "is-symbol": {
                      "version": "1.0.1",
                      "resolved": "https://registry.npm.taobao.org/is-symbol/download/is-symbol-1.0.1.tgz",
                      "integrity": "sha1-PMWfAAJRlLarLjjbrmaJJWtmBXI=",
                      "dev": true
                    }
                  }
                },
                "is-callable": {
                  "version": "1.1.3",
                  "resolved": "https://registry.npm.taobao.org/is-callable/download/is-callable-1.1.3.tgz",
                  "integrity": "sha1-hut1OSgF3cM69xySoO7fdO52BLI=",
                  "dev": true
                },
                "is-regex": {
                  "version": "1.0.3",
                  "resolved": "https://registry.npm.taobao.org/is-regex/download/is-regex-1.0.3.tgz",
                  "integrity": "sha1-DVUYK9358v3ieCIK7Dp1ZCyQhjc=",
                  "dev": true
                }
              }
            }
          }
        },
        "through": {
          "version": "2.3.8",
          "resolved": "https://registry.npm.taobao.org/through/download/through-2.3.8.tgz",
          "integrity": "sha1-DdTJ/6q8NXlgsbckEV1+Doai4fU=",
          "dev": true
        }
      }
    }
  }
}
